{
  "originHash" : "961cd9052530ded91dffde548cbda5e65c6b5aab1133e74763b330e49c5b8de5",
  "pins" : [
    {
      "identity" : "matrix-rust-components-swift",
      "kind" : "remoteSourceControl",
      "location" : "https://github.com/matrix-org/matrix-rust-components-swift",
      "state" : {
        "revision" : "462ae1a446cd3294158c8353468a6d6fe66c71d9",
        "version" : "26.8.11"
      }
    }
  ],
  "version" : 3
}
